{
  "name": ".tools",
  "version": "file:../../../../../../__modal/volumes/vo-AnGRJboxcNJGVKY8TVduAk/users/LJTvWmv8w3YZfYb6dMwkwprDPJv1/Workspace/openclaw_mission_control/.tools",
  "lockfileVersion": 3,
  "requires": true,
  "packages": {
    "": {
      "dependencies": {
        "pnpm": "^10.33.2"
      }
    },
    "../../../../../../__modal/volumes/vo-AnGRJboxcNJGVKY8TVduAk/users/LJTvWmv8w3YZfYb6dMwkwprDPJv1/Workspace/openclaw_mission_control/.tools/node_modules/pnpm": {
      "version": "10.33.2",
      "resolved": "https://registry.npmjs.org/pnpm/-/pnpm-10.33.2.tgz",
      "integrity": "sha512-qQ+vb+6rca1sblf5Tg/hoS9dzCLNdU20CulZPraj4LaxLjVAIYuzeuCDQEsfLObbKkEh6XmCm0r/lLmfSdoc+A==",
      "license": "MIT",
      "bin": {
        "pnpm": "bin/pnpm.cjs",
        "pnpx": "bin/pnpx.cjs"
      },
      "engines": {
        "node": ">=18.12"
      },
      "funding": {
        "url": "https://opencollective.com/pnpm"
      }
    }
  }
}
